
Microsoft Visual Studio Solution File, Format Version 12.00
# Visual Studio Version 17
VisualStudioVersion = 17.9.34622.214
MinimumVisualStudioVersion = 10.0.40219.1
Project("{FAE04EC0-301F-11D3-BF4B-00C04F79EFBC}") = "QLSinhVien", "QLSinhVien\QLSinhVien.csproj", "{75DB38E9-4297-4C9A-98BA-A95E0C21FE50}"
EndProject
Global
	GlobalSection(SolutionConfigurationPlatforms) = preSolution
		Debug|Any CPU = Debug|Any CPU
		Release|Any CPU = Release|Any CPU
	EndGlobalSection
	GlobalSection(ProjectConfigurationPlatforms) = postSolution
		{75DB38E9-4297-4C9A-98BA-A95E0C21FE50}.Debug|Any CPU.ActiveCfg = Debug|Any CPU
		{75DB38E9-4297-4C9A-98BA-A95E0C21FE50}.Debug|Any CPU.Build.0 = Debug|Any CPU
		{75DB38E9-4297-4C9A-98BA-A95E0C21FE50}.Release|Any CPU.ActiveCfg = Release|Any CPU
		{75DB38E9-4297-4C9A-98BA-A95E0C21FE50}.Release|Any CPU.Build.0 = Release|Any CPU
	EndGlobalSection
	GlobalSection(SolutionProperties) = preSolution
		HideSolutionNode = FALSE
	EndGlobalSection
	GlobalSection(ExtensibilityGlobals) = postSolution
		SolutionGuid = {3FA84FCE-7C18-4A2D-BDE1-4B142CCA95E1}
	EndGlobalSection
EndGlobal
