
Microsoft Visual Studio Solution File, Format Version 12.00
# Visual Studio Version 17
VisualStudioVersion = 17.14.36127.28 d17.14
MinimumVisualStudioVersion = 10.0.40219.1
Project("{FAE04EC0-301F-11D3-BF4B-00C04F79EFBC}") = "QLCH", "QLCH\QLCH.csproj", "{78607BD0-80E8-40F2-B421-84652E16AA61}"
EndProject
Global
	GlobalSection(SolutionConfigurationPlatforms) = preSolution
		Debug|Any CPU = Debug|Any CPU
		Release|Any CPU = Release|Any CPU
	EndGlobalSection
	GlobalSection(ProjectConfigurationPlatforms) = postSolution
		{78607BD0-80E8-40F2-B421-84652E16AA61}.Debug|Any CPU.ActiveCfg = Debug|Any CPU
		{78607BD0-80E8-40F2-B421-84652E16AA61}.Debug|Any CPU.Build.0 = Debug|Any CPU
		{78607BD0-80E8-40F2-B421-84652E16AA61}.Release|Any CPU.ActiveCfg = Release|Any CPU
		{78607BD0-80E8-40F2-B421-84652E16AA61}.Release|Any CPU.Build.0 = Release|Any CPU
	EndGlobalSection
	GlobalSection(SolutionProperties) = preSolution
		HideSolutionNode = FALSE
	EndGlobalSection
	GlobalSection(ExtensibilityGlobals) = postSolution
		SolutionGuid = {BA86932B-EEC5-42E0-89E0-D96A6C370DE6}
	EndGlobalSection
EndGlobal
